Microsoft Visual Studio Solution File, Format Version 10.00
# Visual Studio 2008

Project("{ADF714A0-8BDD-36E7-0A8A-F1FBE5D94E4D}") = "InteractionApp", "Assembly-CSharp-vs.csproj", "{15821717-8F6D-2C55-C646-258DFA3ABF68}"
EndProject
Global
	GlobalSection(SolutionConfigurationPlatforms) = preSolution
		Debug|Any CPU = Debug|Any CPU
		Release|Any CPU = Release|Any CPU
	EndGlobalSection
	GlobalSection(ProjectConfigurationPlatforms) = postSolution
		{15821717-8F6D-2C55-C646-258DFA3ABF68}.Debug|Any CPU.ActiveCfg = Debug|Any CPU
		{15821717-8F6D-2C55-C646-258DFA3ABF68}.Debug|Any CPU.Build.0 = Debug|Any CPU
		{15821717-8F6D-2C55-C646-258DFA3ABF68}.Release|Any CPU.ActiveCfg = Release|Any CPU
		{15821717-8F6D-2C55-C646-258DFA3ABF68}.Release|Any CPU.Build.0 = Release|Any CPU
	EndGlobalSection
	GlobalSection(SolutionProperties) = preSolution
		HideSolutionNode = FALSE
	EndGlobalSection
	
EndGlobal
